
Microsoft Visual Studio Solution File, Format Version 12.00
# Visual Studio 15
VisualStudioVersion = 15.0.28307.271
MinimumVisualStudioVersion = 10.0.40219.1
Project("{FAE04EC0-301F-11D3-BF4B-00C04F79EFBC}") = "Pusaka.DataService", "Pusaka.DataService\Pusaka.DataService.csproj", "{0D715082-83A1-4584-94D3-4A5F3F352DC8}"
EndProject
Global
	GlobalSection(SolutionConfigurationPlatforms) = preSolution
		Debug|Any CPU = Debug|Any CPU
		Release|Any CPU = Release|Any CPU
	EndGlobalSection
	GlobalSection(ProjectConfigurationPlatforms) = postSolution
		{0D715082-83A1-4584-94D3-4A5F3F352DC8}.Debug|Any CPU.ActiveCfg = Debug|Any CPU
		{0D715082-83A1-4584-94D3-4A5F3F352DC8}.Debug|Any CPU.Build.0 = Debug|Any CPU
		{0D715082-83A1-4584-94D3-4A5F3F352DC8}.Release|Any CPU.ActiveCfg = Release|Any CPU
		{0D715082-83A1-4584-94D3-4A5F3F352DC8}.Release|Any CPU.Build.0 = Release|Any CPU
	EndGlobalSection
	GlobalSection(SolutionProperties) = preSolution
		HideSolutionNode = FALSE
	EndGlobalSection
	GlobalSection(ExtensibilityGlobals) = postSolution
		SolutionGuid = {ECE9D324-165C-4DE7-9C26-12B3F0A27525}
	EndGlobalSection
EndGlobal
